
Microsoft Visual Studio Solution File, Format Version 12.00
# Visual Studio Version 16
VisualStudioVersion = 16.0.29509.3
MinimumVisualStudioVersion = 10.0.40219.1
Project("{9A19103F-16F7-4668-BE54-9A1E7A4F7556}") = "CognIDE.Domain", "CognIDE.Domain\CognIDE.Domain.csproj", "{DC3C3617-6EA1-4582-8A65-40AC4433B636}"
EndProject
Project("{9A19103F-16F7-4668-BE54-9A1E7A4F7556}") = "CognIDE.Server", "CognIDE.Server\CognIDE.Server.csproj", "{87D0D256-473C-46F7-BD17-BD1CDC847792}"
EndProject
Project("{FAE04EC0-301F-11D3-BF4B-00C04F79EFBC}") = "CognIDE.Infrastructure", "CognIDE.Infrastructure\CognIDE.Infrastructure.csproj", "{060BE164-E915-43C4-90BE-63C7D5EDCE25}"
EndProject
Global
	GlobalSection(SolutionConfigurationPlatforms) = preSolution
		Debug|Any CPU = Debug|Any CPU
		Release|Any CPU = Release|Any CPU
	EndGlobalSection
	GlobalSection(ProjectConfigurationPlatforms) = postSolution
		{DC3C3617-6EA1-4582-8A65-40AC4433B636}.Debug|Any CPU.ActiveCfg = Debug|Any CPU
		{DC3C3617-6EA1-4582-8A65-40AC4433B636}.Debug|Any CPU.Build.0 = Debug|Any CPU
		{DC3C3617-6EA1-4582-8A65-40AC4433B636}.Release|Any CPU.ActiveCfg = Release|Any CPU
		{DC3C3617-6EA1-4582-8A65-40AC4433B636}.Release|Any CPU.Build.0 = Release|Any CPU
		{87D0D256-473C-46F7-BD17-BD1CDC847792}.Debug|Any CPU.ActiveCfg = Debug|Any CPU
		{87D0D256-473C-46F7-BD17-BD1CDC847792}.Debug|Any CPU.Build.0 = Debug|Any CPU
		{87D0D256-473C-46F7-BD17-BD1CDC847792}.Release|Any CPU.ActiveCfg = Release|Any CPU
		{87D0D256-473C-46F7-BD17-BD1CDC847792}.Release|Any CPU.Build.0 = Release|Any CPU
		{060BE164-E915-43C4-90BE-63C7D5EDCE25}.Debug|Any CPU.ActiveCfg = Debug|Any CPU
		{060BE164-E915-43C4-90BE-63C7D5EDCE25}.Debug|Any CPU.Build.0 = Debug|Any CPU
		{060BE164-E915-43C4-90BE-63C7D5EDCE25}.Release|Any CPU.ActiveCfg = Release|Any CPU
		{060BE164-E915-43C4-90BE-63C7D5EDCE25}.Release|Any CPU.Build.0 = Release|Any CPU
	EndGlobalSection
	GlobalSection(SolutionProperties) = preSolution
		HideSolutionNode = FALSE
	EndGlobalSection
	GlobalSection(ExtensibilityGlobals) = postSolution
		SolutionGuid = {D5E0B90D-6E73-4451-8925-556B2DFD19B9}
	EndGlobalSection
EndGlobal
